
Microsoft Visual Studio Solution File, Format Version 12.00
# Visual Studio 15
VisualStudioVersion = 15.0.28307.421
MinimumVisualStudioVersion = 10.0.40219.1
Project("{FAE04EC0-301F-11D3-BF4B-00C04F79EFBC}") = "Shapes.UI", "Shapes.UI\Shapes.UI.csproj", "{A9256E66-E90C-43B7-B339-6FF9233C38C9}"
EndProject
Project("{FAE04EC0-301F-11D3-BF4B-00C04F79EFBC}") = "Shapes.Library", "..\Shapes.Library\Shapes.Library.csproj", "{C7113215-3624-4188-BFAA-CBD9123CFBB4}"
EndProject
Global
	GlobalSection(SolutionConfigurationPlatforms) = preSolution
		Debug|Any CPU = Debug|Any CPU
		Release|Any CPU = Release|Any CPU
	EndGlobalSection
	GlobalSection(ProjectConfigurationPlatforms) = postSolution
		{A9256E66-E90C-43B7-B339-6FF9233C38C9}.Debug|Any CPU.ActiveCfg = Debug|Any CPU
		{A9256E66-E90C-43B7-B339-6FF9233C38C9}.Debug|Any CPU.Build.0 = Debug|Any CPU
		{A9256E66-E90C-43B7-B339-6FF9233C38C9}.Release|Any CPU.ActiveCfg = Release|Any CPU
		{A9256E66-E90C-43B7-B339-6FF9233C38C9}.Release|Any CPU.Build.0 = Release|Any CPU
		{C7113215-3624-4188-BFAA-CBD9123CFBB4}.Debug|Any CPU.ActiveCfg = Debug|Any CPU
		{C7113215-3624-4188-BFAA-CBD9123CFBB4}.Debug|Any CPU.Build.0 = Debug|Any CPU
		{C7113215-3624-4188-BFAA-CBD9123CFBB4}.Release|Any CPU.ActiveCfg = Release|Any CPU
		{C7113215-3624-4188-BFAA-CBD9123CFBB4}.Release|Any CPU.Build.0 = Release|Any CPU
	EndGlobalSection
	GlobalSection(SolutionProperties) = preSolution
		HideSolutionNode = FALSE
	EndGlobalSection
	GlobalSection(ExtensibilityGlobals) = postSolution
		SolutionGuid = {7490ABC9-BAFA-4FD9-B8C3-A67A7FDF39A8}
	EndGlobalSection
EndGlobal
